{
  "object": {
    "pins": [
      {
        "package": "Alamofire",
        "repositoryURL": "https://github.com/Alamofire/Alamofire.git",
        "state": {
          "branch": null,
          "revision": "2777659076fda38bd4e487739ee331c7a65b5924",
          "version": "5.2.1"
        }
      },
      {
        "package": "HandyJSON",
        "repositoryURL": "https://github.com/alibaba/HandyJSON.git",
        "state": {
          "branch": null,
          "revision": "dcf39cf062680ffa4fd0acb7f9117a97755c113f",
          "version": "5.0.2"
        }
      },
      {
        "package": "swift-argument-parser",
        "repositoryURL": "https://github.com/apple/swift-argument-parser.git",
        "state": {
          "branch": "master",
          "revision": "eb51f949cdd0c9d88abba9ce79d37eb7ea1231d0",
          "version": null
        }
      },
      {
        "package": "swift-numerics",
        "repositoryURL": "https://github.com/apple/swift-numerics.git",
        "state": {
          "branch": null,
          "revision": "5dfc460876510988560170cee3702ab01b89587a",
          "version": "0.0.5"
        }
      },
      {
        "package": "swift-se0270-range-set",
        "repositoryURL": "https://github.com/apple/swift-se0270-range-set",
        "state": {
          "branch": null,
          "revision": "120fc7efe17b11f7eedd94e7a5e1885fc69efb49",
          "version": "1.0.0"
        }
      },
      {
        "package": "swift-standard-library-preview",
        "repositoryURL": "https://github.com/apple/swift-standard-library-preview.git",
        "state": {
          "branch": "master",
          "revision": "6d798ec5aab9c30c095add7fab99bc1d2df84428",
          "version": null
        }
      }
    ]
  },
  "version": 1
}
